// !$*UTF8*$!
{
	archiveVersion = 1;
	classes = {
	};
	objectVersion = 56;
	objects = {

/* Begin PBXBuildFile section */
		155F83682B0478E60099C3F7 /* HomeViewController.swift in Sources */ = {isa = PBXBuildFile; fileRef = 155F83672B0478E60099C3F7 /* HomeViewController.swift */; };
		155F836A2B0478F00099C3F7 /* DataViewController.swift in Sources */ = {isa = PBXBuildFile; fileRef = 155F83692B0478F00099C3F7 /* DataViewController.swift */; };
		155F836C2B0479200099C3F7 /* NewActivityViewController.swift in Sources */ = {isa = PBXBuildFile; fileRef = 155F836B2B0479200099C3F7 /* NewActivityViewController.swift */; };
		155F836E2B0479300099C3F7 /* ProfileViewController.swift in Sources */ = {isa = PBXBuildFile; fileRef = 155F836D2B0479300099C3F7 /* ProfileViewController.swift */; };
		155F83702B04793B0099C3F7 /* TreatmentViewController.swift in Sources */ = {isa = PBXBuildFile; fileRef = 155F836F2B04793B0099C3F7 /* TreatmentViewController.swift */; };
		155F83722B0479C00099C3F7 /* HeaderView.swift in Sources */ = {isa = PBXBuildFile; fileRef = 155F83712B0479C00099C3F7 /* HeaderView.swift */; };
		155F83742B048FA40099C3F7 /* PickerViewContainer.swift in Sources */ = {isa = PBXBuildFile; fileRef = 155F83732B048FA40099C3F7 /* PickerViewContainer.swift */; };
		155F83762B0490EE0099C3F7 /* PickerViewConfig.swift in Sources */ = {isa = PBXBuildFile; fileRef = 155F83752B0490EE0099C3F7 /* PickerViewConfig.swift */; };
		155F837B2B04AC6C0099C3F7 /* MainTabBarViewController.swift in Sources */ = {isa = PBXBuildFile; fileRef = 155F837A2B04AC6C0099C3F7 /* MainTabBarViewController.swift */; };
		155F837D2B04B2BD0099C3F7 /* Inconsolata-Regular.ttf in Resources */ = {isa = PBXBuildFile; fileRef = 155F83792B04A9CB0099C3F7 /* Inconsolata-Regular.ttf */; };
		155F837E2B04B2C10099C3F7 /* Koulen-Regular.ttf in Resources */ = {isa = PBXBuildFile; fileRef = 155F83782B04A96D0099C3F7 /* Koulen-Regular.ttf */; };
		155F83802B04B9900099C3F7 /* CollectionViewCell.swift in Sources */ = {isa = PBXBuildFile; fileRef = 155F837F2B04B9900099C3F7 /* CollectionViewCell.swift */; };
		155F83862B04BF320099C3F7 /* Activities.swift in Sources */ = {isa = PBXBuildFile; fileRef = 155F83852B04BF320099C3F7 /* Activities.swift */; };
		155F83882B04C04E0099C3F7 /* CollectionViewContainer.swift in Sources */ = {isa = PBXBuildFile; fileRef = 155F83872B04C04E0099C3F7 /* CollectionViewContainer.swift */; };
		155F838A2B04C0B40099C3F7 /* CollectionViewConfig.swift in Sources */ = {isa = PBXBuildFile; fileRef = 155F83892B04C0B40099C3F7 /* CollectionViewConfig.swift */; };
		155F838C2B04C24F0099C3F7 /* CollectionViewCellIdentifier.swift in Sources */ = {isa = PBXBuildFile; fileRef = 155F838B2B04C24F0099C3F7 /* CollectionViewCellIdentifier.swift */; };
		155F838E2B04C3CD0099C3F7 /* CollectionViewFlowLayout.swift in Sources */ = {isa = PBXBuildFile; fileRef = 155F838D2B04C3CD0099C3F7 /* CollectionViewFlowLayout.swift */; };
		155F83932B05B0A20099C3F7 /* CreateActivityPayload.swift in Sources */ = {isa = PBXBuildFile; fileRef = 155F83922B05B0A20099C3F7 /* CreateActivityPayload.swift */; };
		155F83952B05B1D30099C3F7 /* AlertHandler.swift in Sources */ = {isa = PBXBuildFile; fileRef = 155F83942B05B1D30099C3F7 /* AlertHandler.swift */; };
		159CF2E22AD4C7A00086E6E3 /* UserError.swift in Sources */ = {isa = PBXBuildFile; fileRef = 159CF2E12AD4C7A00086E6E3 /* UserError.swift */; };
		159CF2E62AD4FACB0086E6E3 /* SettingsViewController.swift in Sources */ = {isa = PBXBuildFile; fileRef = 159CF2E52AD4FACB0086E6E3 /* SettingsViewController.swift */; };
		159CF2E92AD4FB300086E6E3 /* UserDefaultKey.swift in Sources */ = {isa = PBXBuildFile; fileRef = 159CF2E82AD4FB300086E6E3 /* UserDefaultKey.swift */; };
		159CF2EB2AD4FBEA0086E6E3 /* StoryboardId.swift in Sources */ = {isa = PBXBuildFile; fileRef = 159CF2EA2AD4FBEA0086E6E3 /* StoryboardId.swift */; };
		159CF2ED2AD59FF20086E6E3 /* Route.swift in Sources */ = {isa = PBXBuildFile; fileRef = 159CF2EC2AD59FF20086E6E3 /* Route.swift */; };
		159CF2EF2AD5D9930086E6E3 /* LineGraphView.swift in Sources */ = {isa = PBXBuildFile; fileRef = 159CF2EE2AD5D9930086E6E3 /* LineGraphView.swift */; };
		159CF2F12AD5F69A0086E6E3 /* HttpError.swift in Sources */ = {isa = PBXBuildFile; fileRef = 159CF2F02AD5F69A0086E6E3 /* HttpError.swift */; };
		159CF2F32AD63E8F0086E6E3 /* Recommendation.swift in Sources */ = {isa = PBXBuildFile; fileRef = 159CF2F22AD63E8F0086E6E3 /* Recommendation.swift */; };
		159CF2F72AD640380086E6E3 /* RecommendationTableViewCell.swift in Sources */ = {isa = PBXBuildFile; fileRef = 159CF2F62AD640380086E6E3 /* RecommendationTableViewCell.swift */; };
		159CF2F92AD640700086E6E3 /* TableViewCellIdentifier.swift in Sources */ = {isa = PBXBuildFile; fileRef = 159CF2F82AD640700086E6E3 /* TableViewCellIdentifier.swift */; };
		159CF2FB2AD652FB0086E6E3 /* ConfigurationError.swift in Sources */ = {isa = PBXBuildFile; fileRef = 159CF2FA2AD652FB0086E6E3 /* ConfigurationError.swift */; };
		159CF2FF2AD702AD0086E6E3 /* ActivityViewController.swift in Sources */ = {isa = PBXBuildFile; fileRef = 159CF2FE2AD702AD0086E6E3 /* ActivityViewController.swift */; };
		159CF3012AD7205B0086E6E3 /* StyleManager.swift in Sources */ = {isa = PBXBuildFile; fileRef = 159CF3002AD7205B0086E6E3 /* StyleManager.swift */; };
		159CF3032AD724680086E6E3 /* TableViewHeaderView.swift in Sources */ = {isa = PBXBuildFile; fileRef = 159CF3022AD724680086E6E3 /* TableViewHeaderView.swift */; };
		159CF3052AD72C180086E6E3 /* Model.swift in Sources */ = {isa = PBXBuildFile; fileRef = 159CF3042AD72C180086E6E3 /* Model.swift */; };
		159CF3072AD8A23C0086E6E3 /* RequiredDataType.swift in Sources */ = {isa = PBXBuildFile; fileRef = 159CF3062AD8A23C0086E6E3 /* RequiredDataType.swift */; };
		15A2455C2B08F67E00F4D216 /* SearchTableViewController.swift in Sources */ = {isa = PBXBuildFile; fileRef = 15A2455B2B08F67E00F4D216 /* SearchTableViewController.swift */; };
		15A2455E2B08F79E00F4D216 /* SearchTableViewCell.swift in Sources */ = {isa = PBXBuildFile; fileRef = 15A2455D2B08F79E00F4D216 /* SearchTableViewCell.swift */; };
		15A245602B08FED700F4D216 /* AutocompleteTextField.swift in Sources */ = {isa = PBXBuildFile; fileRef = 15A2455F2B08FED700F4D216 /* AutocompleteTextField.swift */; };
		15A245622B0987AD00F4D216 /* Tag.swift in Sources */ = {isa = PBXBuildFile; fileRef = 15A245612B0987AD00F4D216 /* Tag.swift */; };
		15CDD1CE2AD39326009020EF /* APIHandler.swift in Sources */ = {isa = PBXBuildFile; fileRef = 15CDD1CD2AD39326009020EF /* APIHandler.swift */; };
		15CDD1D22AD393F7009020EF /* User.swift in Sources */ = {isa = PBXBuildFile; fileRef = 15CDD1D12AD393F7009020EF /* User.swift */; };
		15CDD1D42AD39433009020EF /* Data.swift in Sources */ = {isa = PBXBuildFile; fileRef = 15CDD1D32AD39433009020EF /* Data.swift */; };
		15CDD1D72AD44DB7009020EF /* ErrorHandler.swift in Sources */ = {isa = PBXBuildFile; fileRef = 15CDD1D62AD44DB7009020EF /* ErrorHandler.swift */; };
		15CDD1DC2AD4502A009020EF /* LoadingScreen.swift in Sources */ = {isa = PBXBuildFile; fileRef = 15CDD1DB2AD4502A009020EF /* LoadingScreen.swift */; };
		15FF73912ACDC1D900FC7AB5 /* AppDelegate.swift in Sources */ = {isa = PBXBuildFile; fileRef = 15FF73902ACDC1D900FC7AB5 /* AppDelegate.swift */; };
		15FF73932ACDC1D900FC7AB5 /* SceneDelegate.swift in Sources */ = {isa = PBXBuildFile; fileRef = 15FF73922ACDC1D900FC7AB5 /* SceneDelegate.swift */; };
		15FF73952ACDC1D900FC7AB5 /* ConfigureViewController.swift in Sources */ = {isa = PBXBuildFile; fileRef = 15FF73942ACDC1D900FC7AB5 /* ConfigureViewController.swift */; };
		15FF73982ACDC1D900FC7AB5 /* Main.storyboard in Resources */ = {isa = PBXBuildFile; fileRef = 15FF73962ACDC1D900FC7AB5 /* Main.storyboard */; };
		15FF739A2ACDC1DA00FC7AB5 /* Assets.xcassets in Resources */ = {isa = PBXBuildFile; fileRef = 15FF73992ACDC1DA00FC7AB5 /* Assets.xcassets */; };
		15FF739D2ACDC1DA00FC7AB5 /* LaunchScreen.storyboard in Resources */ = {isa = PBXBuildFile; fileRef = 15FF739B2ACDC1DA00FC7AB5 /* LaunchScreen.storyboard */; };
		15FF73A52ACDC8A500FC7AB5 /* LoginViewController.swift in Sources */ = {isa = PBXBuildFile; fileRef = 15FF73A42ACDC8A500FC7AB5 /* LoginViewController.swift */; };
/* End PBXBuildFile section */

/* Begin PBXFileReference section */
		155F83672B0478E60099C3F7 /* HomeViewController.swift */ = {isa = PBXFileReference; lastKnownFileType = sourcecode.swift; path = HomeViewController.swift; sourceTree = "<group>"; };
		155F83692B0478F00099C3F7 /* DataViewController.swift */ = {isa = PBXFileReference; lastKnownFileType = sourcecode.swift; path = DataViewController.swift; sourceTree = "<group>"; };
		155F836B2B0479200099C3F7 /* NewActivityViewController.swift */ = {isa = PBXFileReference; lastKnownFileType = sourcecode.swift; path = NewActivityViewController.swift; sourceTree = "<group>"; };
		155F836D2B0479300099C3F7 /* ProfileViewController.swift */ = {isa = PBXFileReference; lastKnownFileType = sourcecode.swift; path = ProfileViewController.swift; sourceTree = "<group>"; };
		155F836F2B04793B0099C3F7 /* TreatmentViewController.swift */ = {isa = PBXFileReference; lastKnownFileType = sourcecode.swift; path = TreatmentViewController.swift; sourceTree = "<group>"; };
		155F83712B0479C00099C3F7 /* HeaderView.swift */ = {isa = PBXFileReference; lastKnownFileType = sourcecode.swift; path = HeaderView.swift; sourceTree = "<group>"; };
		155F83732B048FA40099C3F7 /* PickerViewContainer.swift */ = {isa = PBXFileReference; lastKnownFileType = sourcecode.swift; path = PickerViewContainer.swift; sourceTree = "<group>"; };
		155F83752B0490EE0099C3F7 /* PickerViewConfig.swift */ = {isa = PBXFileReference; lastKnownFileType = sourcecode.swift; path = PickerViewConfig.swift; sourceTree = "<group>"; };
		155F83782B04A96D0099C3F7 /* Koulen-Regular.ttf */ = {isa = PBXFileReference; lastKnownFileType = file; path = "Koulen-Regular.ttf"; sourceTree = "<group>"; };
		155F83792B04A9CB0099C3F7 /* Inconsolata-Regular.ttf */ = {isa = PBXFileReference; lastKnownFileType = file; path = "Inconsolata-Regular.ttf"; sourceTree = "<group>"; };
		155F837A2B04AC6C0099C3F7 /* MainTabBarViewController.swift */ = {isa = PBXFileReference; lastKnownFileType = sourcecode.swift; path = MainTabBarViewController.swift; sourceTree = "<group>"; };
		155F837F2B04B9900099C3F7 /* CollectionViewCell.swift */ = {isa = PBXFileReference; lastKnownFileType = sourcecode.swift; path = CollectionViewCell.swift; sourceTree = "<group>"; };
		155F83852B04BF320099C3F7 /* Activities.swift */ = {isa = PBXFileReference; lastKnownFileType = sourcecode.swift; path = Activities.swift; sourceTree = "<group>"; };
		155F83872B04C04E0099C3F7 /* CollectionViewContainer.swift */ = {isa = PBXFileReference; lastKnownFileType = sourcecode.swift; path = CollectionViewContainer.swift; sourceTree = "<group>"; };
		155F83892B04C0B40099C3F7 /* CollectionViewConfig.swift */ = {isa = PBXFileReference; lastKnownFileType = sourcecode.swift; path = CollectionViewConfig.swift; sourceTree = "<group>"; };
		155F838B2B04C24F0099C3F7 /* CollectionViewCellIdentifier.swift */ = {isa = PBXFileReference; lastKnownFileType = sourcecode.swift; path = CollectionViewCellIdentifier.swift; sourceTree = "<group>"; };
		155F838D2B04C3CD0099C3F7 /* CollectionViewFlowLayout.swift */ = {isa = PBXFileReference; lastKnownFileType = sourcecode.swift; path = CollectionViewFlowLayout.swift; sourceTree = "<group>"; };
		155F83922B05B0A20099C3F7 /* CreateActivityPayload.swift */ = {isa = PBXFileReference; lastKnownFileType = sourcecode.swift; path = CreateActivityPayload.swift; sourceTree = "<group>"; };
		155F83942B05B1D30099C3F7 /* AlertHandler.swift */ = {isa = PBXFileReference; lastKnownFileType = sourcecode.swift; path = AlertHandler.swift; sourceTree = "<group>"; };
		159CF2E12AD4C7A00086E6E3 /* UserError.swift */ = {isa = PBXFileReference; lastKnownFileType = sourcecode.swift; path = UserError.swift; sourceTree = "<group>"; };
		159CF2E52AD4FACB0086E6E3 /* SettingsViewController.swift */ = {isa = PBXFileReference; lastKnownFileType = sourcecode.swift; path = SettingsViewController.swift; sourceTree = "<group>"; };
		159CF2E82AD4FB300086E6E3 /* UserDefaultKey.swift */ = {isa = PBXFileReference; lastKnownFileType = sourcecode.swift; path = UserDefaultKey.swift; sourceTree = "<group>"; };
		159CF2EA2AD4FBEA0086E6E3 /* StoryboardId.swift */ = {isa = PBXFileReference; lastKnownFileType = sourcecode.swift; path = StoryboardId.swift; sourceTree = "<group>"; };
		159CF2EC2AD59FF20086E6E3 /* Route.swift */ = {isa = PBXFileReference; lastKnownFileType = sourcecode.swift; path = Route.swift; sourceTree = "<group>"; };
		159CF2EE2AD5D9930086E6E3 /* LineGraphView.swift */ = {isa = PBXFileReference; lastKnownFileType = sourcecode.swift; path = LineGraphView.swift; sourceTree = "<group>"; };
		159CF2F02AD5F69A0086E6E3 /* HttpError.swift */ = {isa = PBXFileReference; lastKnownFileType = sourcecode.swift; path = HttpError.swift; sourceTree = "<group>"; };
		159CF2F22AD63E8F0086E6E3 /* Recommendation.swift */ = {isa = PBXFileReference; lastKnownFileType = sourcecode.swift; path = Recommendation.swift; sourceTree = "<group>"; };
		159CF2F62AD640380086E6E3 /* RecommendationTableViewCell.swift */ = {isa = PBXFileReference; lastKnownFileType = sourcecode.swift; path = RecommendationTableViewCell.swift; sourceTree = "<group>"; };
		159CF2F82AD640700086E6E3 /* TableViewCellIdentifier.swift */ = {isa = PBXFileReference; lastKnownFileType = sourcecode.swift; path = TableViewCellIdentifier.swift; sourceTree = "<group>"; };
		159CF2FA2AD652FB0086E6E3 /* ConfigurationError.swift */ = {isa = PBXFileReference; lastKnownFileType = sourcecode.swift; path = ConfigurationError.swift; sourceTree = "<group>"; };
		159CF2FE2AD702AD0086E6E3 /* ActivityViewController.swift */ = {isa = PBXFileReference; lastKnownFileType = sourcecode.swift; path = ActivityViewController.swift; sourceTree = "<group>"; };
		159CF3002AD7205B0086E6E3 /* StyleManager.swift */ = {isa = PBXFileReference; lastKnownFileType = sourcecode.swift; path = StyleManager.swift; sourceTree = "<group>"; };
		159CF3022AD724680086E6E3 /* TableViewHeaderView.swift */ = {isa = PBXFileReference; lastKnownFileType = sourcecode.swift; path = TableViewHeaderView.swift; sourceTree = "<group>"; };
		159CF3042AD72C180086E6E3 /* Model.swift */ = {isa = PBXFileReference; lastKnownFileType = sourcecode.swift; path = Model.swift; sourceTree = "<group>"; };
		159CF3062AD8A23C0086E6E3 /* RequiredDataType.swift */ = {isa = PBXFileReference; lastKnownFileType = sourcecode.swift; path = RequiredDataType.swift; sourceTree = "<group>"; };
		15A2455B2B08F67E00F4D216 /* SearchTableViewController.swift */ = {isa = PBXFileReference; lastKnownFileType = sourcecode.swift; path = SearchTableViewController.swift; sourceTree = "<group>"; };
		15A2455D2B08F79E00F4D216 /* SearchTableViewCell.swift */ = {isa = PBXFileReference; lastKnownFileType = sourcecode.swift; path = SearchTableViewCell.swift; sourceTree = "<group>"; };
		15A2455F2B08FED700F4D216 /* AutocompleteTextField.swift */ = {isa = PBXFileReference; lastKnownFileType = sourcecode.swift; path = AutocompleteTextField.swift; sourceTree = "<group>"; };
		15A245612B0987AD00F4D216 /* Tag.swift */ = {isa = PBXFileReference; lastKnownFileType = sourcecode.swift; path = Tag.swift; sourceTree = "<group>"; };
		15CDD1CD2AD39326009020EF /* APIHandler.swift */ = {isa = PBXFileReference; lastKnownFileType = sourcecode.swift; path = APIHandler.swift; sourceTree = "<group>"; };
		15CDD1D12AD393F7009020EF /* User.swift */ = {isa = PBXFileReference; lastKnownFileType = sourcecode.swift; path = User.swift; sourceTree = "<group>"; };
		15CDD1D32AD39433009020EF /* Data.swift */ = {isa = PBXFileReference; lastKnownFileType = sourcecode.swift; path = Data.swift; sourceTree = "<group>"; };
		15CDD1D62AD44DB7009020EF /* ErrorHandler.swift */ = {isa = PBXFileReference; lastKnownFileType = sourcecode.swift; path = ErrorHandler.swift; sourceTree = "<group>"; };
		15CDD1DB2AD4502A009020EF /* LoadingScreen.swift */ = {isa = PBXFileReference; lastKnownFileType = sourcecode.swift; path = LoadingScreen.swift; sourceTree = "<group>"; };
		15FF738D2ACDC1D900FC7AB5 /* SensiTape.app */ = {isa = PBXFileReference; explicitFileType = wrapper.application; includeInIndex = 0; path = SensiTape.app; sourceTree = BUILT_PRODUCTS_DIR; };
		15FF73902ACDC1D900FC7AB5 /* AppDelegate.swift */ = {isa = PBXFileReference; lastKnownFileType = sourcecode.swift; path = AppDelegate.swift; sourceTree = "<group>"; };
		15FF73922ACDC1D900FC7AB5 /* SceneDelegate.swift */ = {isa = PBXFileReference; lastKnownFileType = sourcecode.swift; path = SceneDelegate.swift; sourceTree = "<group>"; };
		15FF73942ACDC1D900FC7AB5 /* ConfigureViewController.swift */ = {isa = PBXFileReference; lastKnownFileType = sourcecode.swift; path = ConfigureViewController.swift; sourceTree = "<group>"; };
		15FF73972ACDC1D900FC7AB5 /* Base */ = {isa = PBXFileReference; lastKnownFileType = file.storyboard; name = Base; path = Base.lproj/Main.storyboard; sourceTree = "<group>"; };
		15FF73992ACDC1DA00FC7AB5 /* Assets.xcassets */ = {isa = PBXFileReference; lastKnownFileType = folder.assetcatalog; path = Assets.xcassets; sourceTree = "<group>"; };
		15FF739C2ACDC1DA00FC7AB5 /* Base */ = {isa = PBXFileReference; lastKnownFileType = file.storyboard; name = Base; path = Base.lproj/LaunchScreen.storyboard; sourceTree = "<group>"; };
		15FF739E2ACDC1DA00FC7AB5 /* Info.plist */ = {isa = PBXFileReference; lastKnownFileType = text.plist.xml; path = Info.plist; sourceTree = "<group>"; };
		15FF73A42ACDC8A500FC7AB5 /* LoginViewController.swift */ = {isa = PBXFileReference; lastKnownFileType = sourcecode.swift; path = LoginViewController.swift; sourceTree = "<group>"; };
/* End PBXFileReference section */

/* Begin PBXFrameworksBuildPhase section */
		15FF738A2ACDC1D900FC7AB5 /* Frameworks */ = {
			isa = PBXFrameworksBuildPhase;
			buildActionMask = 2147483647;
			files = (
			);
			runOnlyForDeploymentPostprocessing = 0;
		};
/* End PBXFrameworksBuildPhase section */

/* Begin PBXGroup section */
		155F837C2B04B2AF0099C3F7 /* Fonts */ = {
			isa = PBXGroup;
			children = (
				155F83792B04A9CB0099C3F7 /* Inconsolata-Regular.ttf */,
				155F83782B04A96D0099C3F7 /* Koulen-Regular.ttf */,
			);
			path = Fonts;
			sourceTree = "<group>";
		};
		155F83912B05B0940099C3F7 /* Payloads */ = {
			isa = PBXGroup;
			children = (
				155F83922B05B0A20099C3F7 /* CreateActivityPayload.swift */,
			);
			path = Payloads;
			sourceTree = "<group>";
		};
		159CF2E02AD4C7920086E6E3 /* Errors */ = {
			isa = PBXGroup;
			children = (
				159CF2E12AD4C7A00086E6E3 /* UserError.swift */,
				159CF2FA2AD652FB0086E6E3 /* ConfigurationError.swift */,
				159CF2F02AD5F69A0086E6E3 /* HttpError.swift */,
			);
			path = Errors;
			sourceTree = "<group>";
		};
		159CF2E72AD4FB210086E6E3 /* Enums */ = {
			isa = PBXGroup;
			children = (
				159CF2E82AD4FB300086E6E3 /* UserDefaultKey.swift */,
				159CF2EA2AD4FBEA0086E6E3 /* StoryboardId.swift */,
				159CF3062AD8A23C0086E6E3 /* RequiredDataType.swift */,
				159CF2EC2AD59FF20086E6E3 /* Route.swift */,
				159CF2F82AD640700086E6E3 /* TableViewCellIdentifier.swift */,
				155F838B2B04C24F0099C3F7 /* CollectionViewCellIdentifier.swift */,
			);
			path = Enums;
			sourceTree = "<group>";
		};
		15CDD1CC2AD39317009020EF /* Singletons */ = {
			isa = PBXGroup;
			children = (
				15CDD1CD2AD39326009020EF /* APIHandler.swift */,
				159CF3002AD7205B0086E6E3 /* StyleManager.swift */,
				159CF3042AD72C180086E6E3 /* Model.swift */,
			);
			path = Singletons;
			sourceTree = "<group>";
		};
		15CDD1D02AD393EC009020EF /* Models */ = {
			isa = PBXGroup;
			children = (
				15CDD1D12AD393F7009020EF /* User.swift */,
				15A245612B0987AD00F4D216 /* Tag.swift */,
				155F83852B04BF320099C3F7 /* Activities.swift */,
				15CDD1D32AD39433009020EF /* Data.swift */,
				159CF2F22AD63E8F0086E6E3 /* Recommendation.swift */,
			);
			path = Models;
			sourceTree = "<group>";
		};
		15CDD1D52AD44DA3009020EF /* Protocols */ = {
			isa = PBXGroup;
			children = (
				15CDD1D62AD44DB7009020EF /* ErrorHandler.swift */,
				155F83942B05B1D30099C3F7 /* AlertHandler.swift */,
			);
			path = Protocols;
			sourceTree = "<group>";
		};
		15CDD1D82AD44FE6009020EF /* ViewControllers */ = {
			isa = PBXGroup;
			children = (
				15FF73A42ACDC8A500FC7AB5 /* LoginViewController.swift */,
				155F837A2B04AC6C0099C3F7 /* MainTabBarViewController.swift */,
				15FF73942ACDC1D900FC7AB5 /* ConfigureViewController.swift */,
				155F83672B0478E60099C3F7 /* HomeViewController.swift */,
				155F83692B0478F00099C3F7 /* DataViewController.swift */,
				155F836B2B0479200099C3F7 /* NewActivityViewController.swift */,
				15A2455B2B08F67E00F4D216 /* SearchTableViewController.swift */,
				155F836D2B0479300099C3F7 /* ProfileViewController.swift */,
				155F836F2B04793B0099C3F7 /* TreatmentViewController.swift */,
				159CF2FE2AD702AD0086E6E3 /* ActivityViewController.swift */,
				159CF2E52AD4FACB0086E6E3 /* SettingsViewController.swift */,
			);
			path = ViewControllers;
			sourceTree = "<group>";
		};
		15CDD1DA2AD4501F009020EF /* Components */ = {
			isa = PBXGroup;
			children = (
				15CDD1DB2AD4502A009020EF /* LoadingScreen.swift */,
				159CF2EE2AD5D9930086E6E3 /* LineGraphView.swift */,
				159CF2F62AD640380086E6E3 /* RecommendationTableViewCell.swift */,
				155F83732B048FA40099C3F7 /* PickerViewContainer.swift */,
				155F83752B0490EE0099C3F7 /* PickerViewConfig.swift */,
				15A2455D2B08F79E00F4D216 /* SearchTableViewCell.swift */,
				155F83872B04C04E0099C3F7 /* CollectionViewContainer.swift */,
				155F838D2B04C3CD0099C3F7 /* CollectionViewFlowLayout.swift */,
				155F83892B04C0B40099C3F7 /* CollectionViewConfig.swift */,
				159CF3022AD724680086E6E3 /* TableViewHeaderView.swift */,
				15A2455F2B08FED700F4D216 /* AutocompleteTextField.swift */,
				155F83712B0479C00099C3F7 /* HeaderView.swift */,
				155F837F2B04B9900099C3F7 /* CollectionViewCell.swift */,
			);
			path = Components;
			sourceTree = "<group>";
		};
		15FF73842ACDC1D900FC7AB5 = {
			isa = PBXGroup;
			children = (
				15FF738F2ACDC1D900FC7AB5 /* SensiTape */,
				15FF738E2ACDC1D900FC7AB5 /* Products */,
			);
			sourceTree = "<group>";
		};
		15FF738E2ACDC1D900FC7AB5 /* Products */ = {
			isa = PBXGroup;
			children = (
				15FF738D2ACDC1D900FC7AB5 /* SensiTape.app */,
			);
			name = Products;
			sourceTree = "<group>";
		};
		15FF738F2ACDC1D900FC7AB5 /* SensiTape */ = {
			isa = PBXGroup;
			children = (
				155F837C2B04B2AF0099C3F7 /* Fonts */,
				15FF73902ACDC1D900FC7AB5 /* AppDelegate.swift */,
				15FF73922ACDC1D900FC7AB5 /* SceneDelegate.swift */,
				159CF2E02AD4C7920086E6E3 /* Errors */,
				15CDD1DA2AD4501F009020EF /* Components */,
				15CDD1CC2AD39317009020EF /* Singletons */,
				15CDD1D82AD44FE6009020EF /* ViewControllers */,
				15CDD1D52AD44DA3009020EF /* Protocols */,
				159CF2E72AD4FB210086E6E3 /* Enums */,
				155F83912B05B0940099C3F7 /* Payloads */,
				15CDD1D02AD393EC009020EF /* Models */,
				15FF73962ACDC1D900FC7AB5 /* Main.storyboard */,
				15FF73992ACDC1DA00FC7AB5 /* Assets.xcassets */,
				15FF739B2ACDC1DA00FC7AB5 /* LaunchScreen.storyboard */,
				15FF739E2ACDC1DA00FC7AB5 /* Info.plist */,
			);
			path = SensiTape;
			sourceTree = "<group>";
		};
/* End PBXGroup section */

/* Begin PBXNativeTarget section */
		15FF738C2ACDC1D900FC7AB5 /* SensiTape */ = {
			isa = PBXNativeTarget;
			buildConfigurationList = 15FF73A12ACDC1DA00FC7AB5 /* Build configuration list for PBXNativeTarget "SensiTape" */;
			buildPhases = (
				15FF73892ACDC1D900FC7AB5 /* Sources */,
				15FF738A2ACDC1D900FC7AB5 /* Frameworks */,
				15FF738B2ACDC1D900FC7AB5 /* Resources */,
			);
			buildRules = (
			);
			dependencies = (
			);
			name = SensiTape;
			productName = "Sensi-Tape";
			productReference = 15FF738D2ACDC1D900FC7AB5 /* SensiTape.app */;
			productType = "com.apple.product-type.application";
		};
/* End PBXNativeTarget section */

/* Begin PBXProject section */
		15FF73852ACDC1D900FC7AB5 /* Project object */ = {
			isa = PBXProject;
			attributes = {
				BuildIndependentTargetsInParallel = 1;
				LastSwiftUpdateCheck = 1500;
				LastUpgradeCheck = 1500;
				TargetAttributes = {
					15FF738C2ACDC1D900FC7AB5 = {
						CreatedOnToolsVersion = 15.0;
					};
				};
			};
			buildConfigurationList = 15FF73882ACDC1D900FC7AB5 /* Build configuration list for PBXProject "SensiTape" */;
			compatibilityVersion = "Xcode 14.0";
			developmentRegion = en;
			hasScannedForEncodings = 0;
			knownRegions = (
				en,
				Base,
			);
			mainGroup = 15FF73842ACDC1D900FC7AB5;
			productRefGroup = 15FF738E2ACDC1D900FC7AB5 /* Products */;
			projectDirPath = "";
			projectRoot = "";
			targets = (
				15FF738C2ACDC1D900FC7AB5 /* SensiTape */,
			);
		};
/* End PBXProject section */

/* Begin PBXResourcesBuildPhase section */
		15FF738B2ACDC1D900FC7AB5 /* Resources */ = {
			isa = PBXResourcesBuildPhase;
			buildActionMask = 2147483647;
			files = (
				155F837E2B04B2C10099C3F7 /* Koulen-Regular.ttf in Resources */,
				155F837D2B04B2BD0099C3F7 /* Inconsolata-Regular.ttf in Resources */,
				15FF739D2ACDC1DA00FC7AB5 /* LaunchScreen.storyboard in Resources */,
				15FF739A2ACDC1DA00FC7AB5 /* Assets.xcassets in Resources */,
				15FF73982ACDC1D900FC7AB5 /* Main.storyboard in Resources */,
			);
			runOnlyForDeploymentPostprocessing = 0;
		};
/* End PBXResourcesBuildPhase section */

/* Begin PBXSourcesBuildPhase section */
		15FF73892ACDC1D900FC7AB5 /* Sources */ = {
			isa = PBXSourcesBuildPhase;
			buildActionMask = 2147483647;
			files = (
				155F836C2B0479200099C3F7 /* NewActivityViewController.swift in Sources */,
				15A245602B08FED700F4D216 /* AutocompleteTextField.swift in Sources */,
				15CDD1D42AD39433009020EF /* Data.swift in Sources */,
				155F83802B04B9900099C3F7 /* CollectionViewCell.swift in Sources */,
				159CF2ED2AD59FF20086E6E3 /* Route.swift in Sources */,
				155F83742B048FA40099C3F7 /* PickerViewContainer.swift in Sources */,
				15FF73A52ACDC8A500FC7AB5 /* LoginViewController.swift in Sources */,
				155F838E2B04C3CD0099C3F7 /* CollectionViewFlowLayout.swift in Sources */,
				159CF2F92AD640700086E6E3 /* TableViewCellIdentifier.swift in Sources */,
				159CF2F32AD63E8F0086E6E3 /* Recommendation.swift in Sources */,
				15A2455E2B08F79E00F4D216 /* SearchTableViewCell.swift in Sources */,
				159CF3012AD7205B0086E6E3 /* StyleManager.swift in Sources */,
				15A2455C2B08F67E00F4D216 /* SearchTableViewController.swift in Sources */,
				155F83862B04BF320099C3F7 /* Activities.swift in Sources */,
				15A245622B0987AD00F4D216 /* Tag.swift in Sources */,
				159CF2E62AD4FACB0086E6E3 /* SettingsViewController.swift in Sources */,
				155F838C2B04C24F0099C3F7 /* CollectionViewCellIdentifier.swift in Sources */,
				155F83932B05B0A20099C3F7 /* CreateActivityPayload.swift in Sources */,
				159CF2F12AD5F69A0086E6E3 /* HttpError.swift in Sources */,
				155F837B2B04AC6C0099C3F7 /* MainTabBarViewController.swift in Sources */,
				155F836A2B0478F00099C3F7 /* DataViewController.swift in Sources */,
				159CF3072AD8A23C0086E6E3 /* RequiredDataType.swift in Sources */,
				155F838A2B04C0B40099C3F7 /* CollectionViewConfig.swift in Sources */,
				155F83882B04C04E0099C3F7 /* CollectionViewContainer.swift in Sources */,
				155F836E2B0479300099C3F7 /* ProfileViewController.swift in Sources */,
				15FF73952ACDC1D900FC7AB5 /* ConfigureViewController.swift in Sources */,
				159CF3052AD72C180086E6E3 /* Model.swift in Sources */,
				155F83722B0479C00099C3F7 /* HeaderView.swift in Sources */,
				159CF2E92AD4FB300086E6E3 /* UserDefaultKey.swift in Sources */,
				155F83702B04793B0099C3F7 /* TreatmentViewController.swift in Sources */,
				155F83952B05B1D30099C3F7 /* AlertHandler.swift in Sources */,
				15CDD1D22AD393F7009020EF /* User.swift in Sources */,
				155F83682B0478E60099C3F7 /* HomeViewController.swift in Sources */,
				15CDD1CE2AD39326009020EF /* APIHandler.swift in Sources */,
				15CDD1D72AD44DB7009020EF /* ErrorHandler.swift in Sources */,
				15FF73912ACDC1D900FC7AB5 /* AppDelegate.swift in Sources */,
				159CF2E22AD4C7A00086E6E3 /* UserError.swift in Sources */,
				159CF2EF2AD5D9930086E6E3 /* LineGraphView.swift in Sources */,
				15FF73932ACDC1D900FC7AB5 /* SceneDelegate.swift in Sources */,
				15CDD1DC2AD4502A009020EF /* LoadingScreen.swift in Sources */,
				159CF3032AD724680086E6E3 /* TableViewHeaderView.swift in Sources */,
				155F83762B0490EE0099C3F7 /* PickerViewConfig.swift in Sources */,
				159CF2FB2AD652FB0086E6E3 /* ConfigurationError.swift in Sources */,
				159CF2EB2AD4FBEA0086E6E3 /* StoryboardId.swift in Sources */,
				159CF2F72AD640380086E6E3 /* RecommendationTableViewCell.swift in Sources */,
				159CF2FF2AD702AD0086E6E3 /* ActivityViewController.swift in Sources */,
			);
			runOnlyForDeploymentPostprocessing = 0;
		};
/* End PBXSourcesBuildPhase section */

/* Begin PBXVariantGroup section */
		15FF73962ACDC1D900FC7AB5 /* Main.storyboard */ = {
			isa = PBXVariantGroup;
			children = (
				15FF73972ACDC1D900FC7AB5 /* Base */,
			);
			name = Main.storyboard;
			sourceTree = "<group>";
		};
		15FF739B2ACDC1DA00FC7AB5 /* LaunchScreen.storyboard */ = {
			isa = PBXVariantGroup;
			children = (
				15FF739C2ACDC1DA00FC7AB5 /* Base */,
			);
			name = LaunchScreen.storyboard;
			sourceTree = "<group>";
		};
/* End PBXVariantGroup section */

/* Begin XCBuildConfiguration section */
		15FF739F2ACDC1DA00FC7AB5 /* Debug */ = {
			isa = XCBuildConfiguration;
			buildSettings = {
				ALWAYS_SEARCH_USER_PATHS = NO;
				ASSETCATALOG_COMPILER_GENERATE_SWIFT_ASSET_SYMBOL_EXTENSIONS = YES;
				CLANG_ANALYZER_NONNULL = YES;
				CLANG_ANALYZER_NUMBER_OBJECT_CONVERSION = YES_AGGRESSIVE;
				CLANG_CXX_LANGUAGE_STANDARD = "gnu++20";
				CLANG_ENABLE_MODULES = YES;
				CLANG_ENABLE_OBJC_ARC = YES;
				CLANG_ENABLE_OBJC_WEAK = YES;
				CLANG_WARN_BLOCK_CAPTURE_AUTORELEASING = YES;
				CLANG_WARN_BOOL_CONVERSION = YES;
				CLANG_WARN_COMMA = YES;
				CLANG_WARN_CONSTANT_CONVERSION = YES;
				CLANG_WARN_DEPRECATED_OBJC_IMPLEMENTATIONS = YES;
				CLANG_WARN_DIRECT_OBJC_ISA_USAGE = YES_ERROR;
				CLANG_WARN_DOCUMENTATION_COMMENTS = YES;
				CLANG_WARN_EMPTY_BODY = YES;
				CLANG_WARN_ENUM_CONVERSION = YES;
				CLANG_WARN_INFINITE_RECURSION = YES;
				CLANG_WARN_INT_CONVERSION = YES;
				CLANG_WARN_NON_LITERAL_NULL_CONVERSION = YES;
				CLANG_WARN_OBJC_IMPLICIT_RETAIN_SELF = YES;
				CLANG_WARN_OBJC_LITERAL_CONVERSION = YES;
				CLANG_WARN_OBJC_ROOT_CLASS = YES_ERROR;
				CLANG_WARN_QUOTED_INCLUDE_IN_FRAMEWORK_HEADER = YES;
				CLANG_WARN_RANGE_LOOP_ANALYSIS = YES;
				CLANG_WARN_STRICT_PROTOTYPES = YES;
				CLANG_WARN_SUSPICIOUS_MOVE = YES;
				CLANG_WARN_UNGUARDED_AVAILABILITY = YES_AGGRESSIVE;
				CLANG_WARN_UNREACHABLE_CODE = YES;
				CLANG_WARN__DUPLICATE_METHOD_MATCH = YES;
				COPY_PHASE_STRIP = NO;
				DEBUG_INFORMATION_FORMAT = dwarf;
				ENABLE_STRICT_OBJC_MSGSEND = YES;
				ENABLE_TESTABILITY = YES;
				ENABLE_USER_SCRIPT_SANDBOXING = YES;
				GCC_C_LANGUAGE_STANDARD = gnu17;
				GCC_DYNAMIC_NO_PIC = NO;
				GCC_NO_COMMON_BLOCKS = YES;
				GCC_OPTIMIZATION_LEVEL = 0;
				GCC_PREPROCESSOR_DEFINITIONS = (
					"DEBUG=1",
					"$(inherited)",
				);
				GCC_WARN_64_TO_32_BIT_CONVERSION = YES;
				GCC_WARN_ABOUT_RETURN_TYPE = YES_ERROR;
				GCC_WARN_UNDECLARED_SELECTOR = YES;
				GCC_WARN_UNINITIALIZED_AUTOS = YES_AGGRESSIVE;
				GCC_WARN_UNUSED_FUNCTION = YES;
				GCC_WARN_UNUSED_VARIABLE = YES;
				IPHONEOS_DEPLOYMENT_TARGET = 16.0;
				LOCALIZATION_PREFERS_STRING_CATALOGS = YES;
				MTL_ENABLE_DEBUG_INFO = INCLUDE_SOURCE;
				MTL_FAST_MATH = YES;
				ONLY_ACTIVE_ARCH = YES;
				SDKROOT = iphoneos;
				SWIFT_ACTIVE_COMPILATION_CONDITIONS = "DEBUG $(inherited)";
				SWIFT_OPTIMIZATION_LEVEL = "-Onone";
			};
			name = Debug;
		};
		15FF73A02ACDC1DA00FC7AB5 /* Release */ = {
			isa = XCBuildConfiguration;
			buildSettings = {
				ALWAYS_SEARCH_USER_PATHS = NO;
				ASSETCATALOG_COMPILER_GENERATE_SWIFT_ASSET_SYMBOL_EXTENSIONS = YES;
				CLANG_ANALYZER_NONNULL = YES;
				CLANG_ANALYZER_NUMBER_OBJECT_CONVERSION = YES_AGGRESSIVE;
				CLANG_CXX_LANGUAGE_STANDARD = "gnu++20";
				CLANG_ENABLE_MODULES = YES;
				CLANG_ENABLE_OBJC_ARC = YES;
				CLANG_ENABLE_OBJC_WEAK = YES;
				CLANG_WARN_BLOCK_CAPTURE_AUTORELEASING = YES;
				CLANG_WARN_BOOL_CONVERSION = YES;
				CLANG_WARN_COMMA = YES;
				CLANG_WARN_CONSTANT_CONVERSION = YES;
				CLANG_WARN_DEPRECATED_OBJC_IMPLEMENTATIONS = YES;
				CLANG_WARN_DIRECT_OBJC_ISA_USAGE = YES_ERROR;
				CLANG_WARN_DOCUMENTATION_COMMENTS = YES;
				CLANG_WARN_EMPTY_BODY = YES;
				CLANG_WARN_ENUM_CONVERSION = YES;
				CLANG_WARN_INFINITE_RECURSION = YES;
				CLANG_WARN_INT_CONVERSION = YES;
				CLANG_WARN_NON_LITERAL_NULL_CONVERSION = YES;
				CLANG_WARN_OBJC_IMPLICIT_RETAIN_SELF = YES;
				CLANG_WARN_OBJC_LITERAL_CONVERSION = YES;
				CLANG_WARN_OBJC_ROOT_CLASS = YES_ERROR;
				CLANG_WARN_QUOTED_INCLUDE_IN_FRAMEWORK_HEADER = YES;
				CLANG_WARN_RANGE_LOOP_ANALYSIS = YES;
				CLANG_WARN_STRICT_PROTOTYPES = YES;
				CLANG_WARN_SUSPICIOUS_MOVE = YES;
				CLANG_WARN_UNGUARDED_AVAILABILITY = YES_AGGRESSIVE;
				CLANG_WARN_UNREACHABLE_CODE = YES;
				CLANG_WARN__DUPLICATE_METHOD_MATCH = YES;
				COPY_PHASE_STRIP = NO;
				DEBUG_INFORMATION_FORMAT = "dwarf-with-dsym";
				ENABLE_NS_ASSERTIONS = NO;
				ENABLE_STRICT_OBJC_MSGSEND = YES;
				ENABLE_USER_SCRIPT_SANDBOXING = YES;
				GCC_C_LANGUAGE_STANDARD = gnu17;
				GCC_NO_COMMON_BLOCKS = YES;
				GCC_WARN_64_TO_32_BIT_CONVERSION = YES;
				GCC_WARN_ABOUT_RETURN_TYPE = YES_ERROR;
				GCC_WARN_UNDECLARED_SELECTOR = YES;
				GCC_WARN_UNINITIALIZED_AUTOS = YES_AGGRESSIVE;
				GCC_WARN_UNUSED_FUNCTION = YES;
				GCC_WARN_UNUSED_VARIABLE = YES;
				IPHONEOS_DEPLOYMENT_TARGET = 16.0;
				LOCALIZATION_PREFERS_STRING_CATALOGS = YES;
				MTL_ENABLE_DEBUG_INFO = NO;
				MTL_FAST_MATH = YES;
				SDKROOT = iphoneos;
				SWIFT_COMPILATION_MODE = wholemodule;
				VALIDATE_PRODUCT = YES;
			};
			name = Release;
		};
		15FF73A22ACDC1DA00FC7AB5 /* Debug */ = {
			isa = XCBuildConfiguration;
			buildSettings = {
				ASSETCATALOG_COMPILER_APPICON_NAME = AppIcon;
				ASSETCATALOG_COMPILER_GLOBAL_ACCENT_COLOR_NAME = AccentColor;
				CODE_SIGN_STYLE = Automatic;
				CURRENT_PROJECT_VERSION = 1;
				DEVELOPMENT_TEAM = K728A8S3D6;
				GENERATE_INFOPLIST_FILE = YES;
				INFOPLIST_FILE = SensiTape/Info.plist;
				INFOPLIST_KEY_CFBundleDisplayName = SensiTape;
				INFOPLIST_KEY_LSApplicationCategoryType = "public.app-category.healthcare-fitness";
				INFOPLIST_KEY_UIApplicationSupportsIndirectInputEvents = YES;
				INFOPLIST_KEY_UILaunchStoryboardName = LaunchScreen;
				INFOPLIST_KEY_UIMainStoryboardFile = Main;
				INFOPLIST_KEY_UIRequiresFullScreen = YES;
				INFOPLIST_KEY_UISupportedInterfaceOrientations = UIInterfaceOrientationPortrait;
				IPHONEOS_DEPLOYMENT_TARGET = 16.0;
				LD_RUNPATH_SEARCH_PATHS = (
					"$(inherited)",
					"@executable_path/Frameworks",
				);
				MARKETING_VERSION = 1.0;
				PRODUCT_BUNDLE_IDENTIFIER = com.mckee.SensiTape;
				PRODUCT_NAME = "$(TARGET_NAME)";
				SUPPORTED_PLATFORMS = "iphoneos iphonesimulator";
				SUPPORTS_MACCATALYST = NO;
				SUPPORTS_MAC_DESIGNED_FOR_IPHONE_IPAD = NO;
				SWIFT_EMIT_LOC_STRINGS = YES;
				SWIFT_VERSION = 5.0;
				TARGETED_DEVICE_FAMILY = "1,2";
			};
			name = Debug;
		};
		15FF73A32ACDC1DA00FC7AB5 /* Release */ = {
			isa = XCBuildConfiguration;
			buildSettings = {
				ASSETCATALOG_COMPILER_APPICON_NAME = AppIcon;
				ASSETCATALOG_COMPILER_GLOBAL_ACCENT_COLOR_NAME = AccentColor;
				CODE_SIGN_STYLE = Automatic;
				CURRENT_PROJECT_VERSION = 1;
				DEVELOPMENT_TEAM = K728A8S3D6;
				GENERATE_INFOPLIST_FILE = YES;
				INFOPLIST_FILE = SensiTape/Info.plist;
				INFOPLIST_KEY_CFBundleDisplayName = SensiTape;
				INFOPLIST_KEY_LSApplicationCategoryType = "public.app-category.healthcare-fitness";
				INFOPLIST_KEY_UIApplicationSupportsIndirectInputEvents = YES;
				INFOPLIST_KEY_UILaunchStoryboardName = LaunchScreen;
				INFOPLIST_KEY_UIMainStoryboardFile = Main;
				INFOPLIST_KEY_UIRequiresFullScreen = YES;
				INFOPLIST_KEY_UISupportedInterfaceOrientations = UIInterfaceOrientationPortrait;
				IPHONEOS_DEPLOYMENT_TARGET = 16.0;
				LD_RUNPATH_SEARCH_PATHS = (
					"$(inherited)",
					"@executable_path/Frameworks",
				);
				MARKETING_VERSION = 1.0;
				PRODUCT_BUNDLE_IDENTIFIER = com.mckee.SensiTape;
				PRODUCT_NAME = "$(TARGET_NAME)";
				SUPPORTED_PLATFORMS = "iphoneos iphonesimulator";
				SUPPORTS_MACCATALYST = NO;
				SUPPORTS_MAC_DESIGNED_FOR_IPHONE_IPAD = NO;
				SWIFT_EMIT_LOC_STRINGS = YES;
				SWIFT_VERSION = 5.0;
				TARGETED_DEVICE_FAMILY = "1,2";
			};
			name = Release;
		};
/* End XCBuildConfiguration section */

/* Begin XCConfigurationList section */
		15FF73882ACDC1D900FC7AB5 /* Build configuration list for PBXProject "SensiTape" */ = {
			isa = XCConfigurationList;
			buildConfigurations = (
				15FF739F2ACDC1DA00FC7AB5 /* Debug */,
				15FF73A02ACDC1DA00FC7AB5 /* Release */,
			);
			defaultConfigurationIsVisible = 0;
			defaultConfigurationName = Release;
		};
		15FF73A12ACDC1DA00FC7AB5 /* Build configuration list for PBXNativeTarget "SensiTape" */ = {
			isa = XCConfigurationList;
			buildConfigurations = (
				15FF73A22ACDC1DA00FC7AB5 /* Debug */,
				15FF73A32ACDC1DA00FC7AB5 /* Release */,
			);
			defaultConfigurationIsVisible = 0;
			defaultConfigurationName = Release;
		};
/* End XCConfigurationList section */
	};
	rootObject = 15FF73852ACDC1D900FC7AB5 /* Project object */;
}
